// !$*UTF8*$!
{
	archiveVersion = 1;
	classes = {
	};
	objectVersion = 55;
	objects = {

/* Begin PBXBuildFile section */
		C50DE94E2847D88B00BA6F9F /* AppDelegate.swift in Sources */ = {isa = PBXBuildFile; fileRef = C50DE94D2847D88B00BA6F9F /* AppDelegate.swift */; };
		C50DE9502847D88B00BA6F9F /* SceneDelegate.swift in Sources */ = {isa = PBXBuildFile; fileRef = C50DE94F2847D88B00BA6F9F /* SceneDelegate.swift */; };
		C50DE9522847D88B00BA6F9F /* ListViewController.swift in Sources */ = {isa = PBXBuildFile; fileRef = C50DE9512847D88B00BA6F9F /* ListViewController.swift */; };
		C50DE9552847D88B00BA6F9F /* Main.storyboard in Resources */ = {isa = PBXBuildFile; fileRef = C50DE9532847D88B00BA6F9F /* Main.storyboard */; };
		C50DE9582847D88B00BA6F9F /* Bucket_List.xcdatamodeld in Sources */ = {isa = PBXBuildFile; fileRef = C50DE9562847D88B00BA6F9F /* Bucket_List.xcdatamodeld */; };
		C50DE95A2847D88E00BA6F9F /* Assets.xcassets in Resources */ = {isa = PBXBuildFile; fileRef = C50DE9592847D88E00BA6F9F /* Assets.xcassets */; };
		C50DE95D2847D88E00BA6F9F /* LaunchScreen.storyboard in Resources */ = {isa = PBXBuildFile; fileRef = C50DE95B2847D88E00BA6F9F /* LaunchScreen.storyboard */; };
		C510E0B5284E63080032E33E /* CollectionViewCell.swift in Sources */ = {isa = PBXBuildFile; fileRef = C510E0B3284E63080032E33E /* CollectionViewCell.swift */; };
		C510E0B6284E63080032E33E /* CollectionViewCell.xib in Resources */ = {isa = PBXBuildFile; fileRef = C510E0B4284E63080032E33E /* CollectionViewCell.xib */; };
		C51B3264285636130058DE06 /* imagePikerView.swift in Sources */ = {isa = PBXBuildFile; fileRef = C51B3263285636130058DE06 /* imagePikerView.swift */; };
		C5403D87284FDB9B004B5F45 /* RegistrationView.swift in Sources */ = {isa = PBXBuildFile; fileRef = C5403D86284FDB9B004B5F45 /* RegistrationView.swift */; };
		C5403D89284FE3E8004B5F45 /* RegistrationView.storyboard in Resources */ = {isa = PBXBuildFile; fileRef = C5403D88284FE3E8004B5F45 /* RegistrationView.storyboard */; };
		C5584B3D28525AAC00BE6491 /* Restore.json in Resources */ = {isa = PBXBuildFile; fileRef = C5584B3A28525AAC00BE6491 /* Restore.json */; };
		C5ABE9192848F15500C7EAE9 /* StepsViewController.swift in Sources */ = {isa = PBXBuildFile; fileRef = C5ABE9182848F15500C7EAE9 /* StepsViewController.swift */; };
		C5ABE9282848F70F00C7EAE9 /* Func.swift in Sources */ = {isa = PBXBuildFile; fileRef = C5ABE9272848F70F00C7EAE9 /* Func.swift */; };
		C5C4401328D8ED0B008DFF03 /* Functions.swift in Sources */ = {isa = PBXBuildFile; fileRef = C5C4401228D8ED0A008DFF03 /* Functions.swift */; };
		C5C4401A28D8F8A7008DFF03 /* Authentcation.storyboard in Resources */ = {isa = PBXBuildFile; fileRef = C5C4401928D8F8A7008DFF03 /* Authentcation.storyboard */; };
		C5D4B7E328490934001BEC85 /* ListCell.swift in Sources */ = {isa = PBXBuildFile; fileRef = C5D4B7E128490934001BEC85 /* ListCell.swift */; };
		C5D4B7E428490934001BEC85 /* ListCell.xib in Resources */ = {isa = PBXBuildFile; fileRef = C5D4B7E228490934001BEC85 /* ListCell.xib */; };
		C5D4B7E72849096F001BEC85 /* StepCell.swift in Sources */ = {isa = PBXBuildFile; fileRef = C5D4B7E52849096F001BEC85 /* StepCell.swift */; };
		C5D4B7E82849096F001BEC85 /* StepCell.xib in Resources */ = {isa = PBXBuildFile; fileRef = C5D4B7E62849096F001BEC85 /* StepCell.xib */; };
		C5DD84B5284EDA2E00108C84 /* ProfileViewController.swift in Sources */ = {isa = PBXBuildFile; fileRef = C5DD84B3284EDA2D00108C84 /* ProfileViewController.swift */; };
		C5DD84B6284EDA2E00108C84 /* ProfileViewController.xib in Resources */ = {isa = PBXBuildFile; fileRef = C5DD84B4284EDA2E00108C84 /* ProfileViewController.xib */; };
		C5E0F14E284A3DCE0042DEF0 /* Alert.swift in Sources */ = {isa = PBXBuildFile; fileRef = C5E0F14D284A3DCE0042DEF0 /* Alert.swift */; };
		C5E0F152284A4EFB0042DEF0 /* AlertViewController.swift in Sources */ = {isa = PBXBuildFile; fileRef = C5E0F151284A4EFB0042DEF0 /* AlertViewController.swift */; };
		C5E0F154284A51E30042DEF0 /* AlertView.storyboard in Resources */ = {isa = PBXBuildFile; fileRef = C5E0F153284A51E30042DEF0 /* AlertView.storyboard */; };
		C5EBC27F2853BE8100961E0D /* Green-done.json in Resources */ = {isa = PBXBuildFile; fileRef = C5EBC27E2853BE8100961E0D /* Green-done.json */; };
		C5EBC28B2853C9AF00961E0D /* deletes.json in Resources */ = {isa = PBXBuildFile; fileRef = C5EBC28A2853C9AF00961E0D /* deletes.json */; };
		C5EBC28D2853F6FA00961E0D /* restored2.json in Resources */ = {isa = PBXBuildFile; fileRef = C5EBC28C2853F6FA00961E0D /* restored2.json */; };
		C5EBC28F2853F85100961E0D /* destroy.json in Resources */ = {isa = PBXBuildFile; fileRef = C5EBC28E2853F85100961E0D /* destroy.json */; };
		C5EBC2912853F9DE00961E0D /* uncheck.json in Resources */ = {isa = PBXBuildFile; fileRef = C5EBC2902853F9DE00961E0D /* uncheck.json */; };
		FC3327B6C2F234A16E6CCD9A /* Pods_Bucket_List.framework in Frameworks */ = {isa = PBXBuildFile; fileRef = 25E6950F8300F010069C0E2C /* Pods_Bucket_List.framework */; };
/* End PBXBuildFile section */

/* Begin PBXFileReference section */
		1F2F2B362369EA848865A41F /* Pods-Bucket List.debug.xcconfig */ = {isa = PBXFileReference; includeInIndex = 1; lastKnownFileType = text.xcconfig; name = "Pods-Bucket List.debug.xcconfig"; path = "Target Support Files/Pods-Bucket List/Pods-Bucket List.debug.xcconfig"; sourceTree = "<group>"; };
		25E6950F8300F010069C0E2C /* Pods_Bucket_List.framework */ = {isa = PBXFileReference; explicitFileType = wrapper.framework; includeInIndex = 0; path = Pods_Bucket_List.framework; sourceTree = BUILT_PRODUCTS_DIR; };
		C3E6A00C06E647F38096832C /* Pods-Bucket List.release.xcconfig */ = {isa = PBXFileReference; includeInIndex = 1; lastKnownFileType = text.xcconfig; name = "Pods-Bucket List.release.xcconfig"; path = "Target Support Files/Pods-Bucket List/Pods-Bucket List.release.xcconfig"; sourceTree = "<group>"; };
		C50DE94A2847D88B00BA6F9F /* Bucket List.app */ = {isa = PBXFileReference; explicitFileType = wrapper.application; includeInIndex = 0; path = "Bucket List.app"; sourceTree = BUILT_PRODUCTS_DIR; };
		C50DE94D2847D88B00BA6F9F /* AppDelegate.swift */ = {isa = PBXFileReference; lastKnownFileType = sourcecode.swift; path = AppDelegate.swift; sourceTree = "<group>"; };
		C50DE94F2847D88B00BA6F9F /* SceneDelegate.swift */ = {isa = PBXFileReference; lastKnownFileType = sourcecode.swift; path = SceneDelegate.swift; sourceTree = "<group>"; };
		C50DE9512847D88B00BA6F9F /* ListViewController.swift */ = {isa = PBXFileReference; lastKnownFileType = sourcecode.swift; path = ListViewController.swift; sourceTree = "<group>"; };
		C50DE9542847D88B00BA6F9F /* Base */ = {isa = PBXFileReference; lastKnownFileType = file.storyboard; name = Base; path = Base.lproj/Main.storyboard; sourceTree = "<group>"; };
		C50DE9572847D88B00BA6F9F /* Bucket_List.xcdatamodel */ = {isa = PBXFileReference; lastKnownFileType = wrapper.xcdatamodel; path = Bucket_List.xcdatamodel; sourceTree = "<group>"; };
		C50DE9592847D88E00BA6F9F /* Assets.xcassets */ = {isa = PBXFileReference; lastKnownFileType = folder.assetcatalog; path = Assets.xcassets; sourceTree = "<group>"; };
		C50DE95C2847D88E00BA6F9F /* Base */ = {isa = PBXFileReference; lastKnownFileType = file.storyboard; name = Base; path = Base.lproj/LaunchScreen.storyboard; sourceTree = "<group>"; };
		C50DE95E2847D88E00BA6F9F /* Info.plist */ = {isa = PBXFileReference; lastKnownFileType = text.plist.xml; path = Info.plist; sourceTree = "<group>"; };
		C510E0B3284E63080032E33E /* CollectionViewCell.swift */ = {isa = PBXFileReference; lastKnownFileType = sourcecode.swift; path = CollectionViewCell.swift; sourceTree = "<group>"; };
		C510E0B4284E63080032E33E /* CollectionViewCell.xib */ = {isa = PBXFileReference; lastKnownFileType = file.xib; path = CollectionViewCell.xib; sourceTree = "<group>"; };
		C51B3263285636130058DE06 /* imagePikerView.swift */ = {isa = PBXFileReference; lastKnownFileType = sourcecode.swift; name = imagePikerView.swift; path = "Bucket List/Controller/imagePikerView.swift"; sourceTree = SOURCE_ROOT; };
		C5403D86284FDB9B004B5F45 /* RegistrationView.swift */ = {isa = PBXFileReference; lastKnownFileType = sourcecode.swift; path = RegistrationView.swift; sourceTree = "<group>"; };
		C5403D88284FE3E8004B5F45 /* RegistrationView.storyboard */ = {isa = PBXFileReference; lastKnownFileType = file.storyboard; path = RegistrationView.storyboard; sourceTree = "<group>"; };
		C5584B3A28525AAC00BE6491 /* Restore.json */ = {isa = PBXFileReference; fileEncoding = 4; lastKnownFileType = text.json; path = Restore.json; sourceTree = "<group>"; };
		C5ABE9182848F15500C7EAE9 /* StepsViewController.swift */ = {isa = PBXFileReference; lastKnownFileType = sourcecode.swift; path = StepsViewController.swift; sourceTree = "<group>"; };
		C5ABE9272848F70F00C7EAE9 /* Func.swift */ = {isa = PBXFileReference; lastKnownFileType = sourcecode.swift; path = Func.swift; sourceTree = "<group>"; };
		C5C4401228D8ED0A008DFF03 /* Functions.swift */ = {isa = PBXFileReference; fileEncoding = 4; lastKnownFileType = sourcecode.swift; path = Functions.swift; sourceTree = "<group>"; };
		C5C4401928D8F8A7008DFF03 /* Authentcation.storyboard */ = {isa = PBXFileReference; lastKnownFileType = file.storyboard; path = Authentcation.storyboard; sourceTree = "<group>"; };
		C5D4B7E128490934001BEC85 /* ListCell.swift */ = {isa = PBXFileReference; lastKnownFileType = sourcecode.swift; path = ListCell.swift; sourceTree = "<group>"; };
		C5D4B7E228490934001BEC85 /* ListCell.xib */ = {isa = PBXFileReference; lastKnownFileType = file.xib; path = ListCell.xib; sourceTree = "<group>"; };
		C5D4B7E52849096F001BEC85 /* StepCell.swift */ = {isa = PBXFileReference; lastKnownFileType = sourcecode.swift; path = StepCell.swift; sourceTree = "<group>"; };
		C5D4B7E62849096F001BEC85 /* StepCell.xib */ = {isa = PBXFileReference; lastKnownFileType = file.xib; path = StepCell.xib; sourceTree = "<group>"; };
		C5DD84B3284EDA2D00108C84 /* ProfileViewController.swift */ = {isa = PBXFileReference; fileEncoding = 4; lastKnownFileType = sourcecode.swift; path = ProfileViewController.swift; sourceTree = "<group>"; };
		C5DD84B4284EDA2E00108C84 /* ProfileViewController.xib */ = {isa = PBXFileReference; fileEncoding = 4; lastKnownFileType = file.xib; path = ProfileViewController.xib; sourceTree = "<group>"; };
		C5E0F14D284A3DCE0042DEF0 /* Alert.swift */ = {isa = PBXFileReference; lastKnownFileType = sourcecode.swift; path = Alert.swift; sourceTree = "<group>"; };
		C5E0F151284A4EFB0042DEF0 /* AlertViewController.swift */ = {isa = PBXFileReference; lastKnownFileType = sourcecode.swift; path = AlertViewController.swift; sourceTree = "<group>"; };
		C5E0F153284A51E30042DEF0 /* AlertView.storyboard */ = {isa = PBXFileReference; lastKnownFileType = file.storyboard; path = AlertView.storyboard; sourceTree = "<group>"; };
		C5EBC27E2853BE8100961E0D /* Green-done.json */ = {isa = PBXFileReference; fileEncoding = 4; lastKnownFileType = text.json; path = "Green-done.json"; sourceTree = "<group>"; };
		C5EBC28A2853C9AF00961E0D /* deletes.json */ = {isa = PBXFileReference; fileEncoding = 4; lastKnownFileType = text.json; path = deletes.json; sourceTree = "<group>"; };
		C5EBC28C2853F6FA00961E0D /* restored2.json */ = {isa = PBXFileReference; fileEncoding = 4; lastKnownFileType = text.json; path = restored2.json; sourceTree = "<group>"; };
		C5EBC28E2853F85100961E0D /* destroy.json */ = {isa = PBXFileReference; fileEncoding = 4; lastKnownFileType = text.json; path = destroy.json; sourceTree = "<group>"; };
		C5EBC2902853F9DE00961E0D /* uncheck.json */ = {isa = PBXFileReference; fileEncoding = 4; lastKnownFileType = text.json; path = uncheck.json; sourceTree = "<group>"; };
/* End PBXFileReference section */

/* Begin PBXFrameworksBuildPhase section */
		C50DE9472847D88B00BA6F9F /* Frameworks */ = {
			isa = PBXFrameworksBuildPhase;
			buildActionMask = 2147483647;
			files = (
				FC3327B6C2F234A16E6CCD9A /* Pods_Bucket_List.framework in Frameworks */,
			);
			runOnlyForDeploymentPostprocessing = 0;
		};
/* End PBXFrameworksBuildPhase section */

/* Begin PBXGroup section */
		5EB9265047E8CB6145C0995B /* Frameworks */ = {
			isa = PBXGroup;
			children = (
				25E6950F8300F010069C0E2C /* Pods_Bucket_List.framework */,
			);
			name = Frameworks;
			sourceTree = "<group>";
		};
		7D7D163EB7D35E79E7A89484 /* Pods */ = {
			isa = PBXGroup;
			children = (
				1F2F2B362369EA848865A41F /* Pods-Bucket List.debug.xcconfig */,
				C3E6A00C06E647F38096832C /* Pods-Bucket List.release.xcconfig */,
			);
			path = Pods;
			sourceTree = "<group>";
		};
		C50DE9412847D88B00BA6F9F = {
			isa = PBXGroup;
			children = (
				C50DE94C2847D88B00BA6F9F /* Bucket List */,
				C50DE94B2847D88B00BA6F9F /* Products */,
				7D7D163EB7D35E79E7A89484 /* Pods */,
				5EB9265047E8CB6145C0995B /* Frameworks */,
			);
			sourceTree = "<group>";
		};
		C50DE94B2847D88B00BA6F9F /* Products */ = {
			isa = PBXGroup;
			children = (
				C50DE94A2847D88B00BA6F9F /* Bucket List.app */,
			);
			name = Products;
			sourceTree = "<group>";
		};
		C50DE94C2847D88B00BA6F9F /* Bucket List */ = {
			isa = PBXGroup;
			children = (
				C5ABE9172848EB4500C7EAE9 /* DelegateFiles */,
				C5ABE90C2848DA7E00C7EAE9 /* Model */,
				C5ABE9162848EB2F00C7EAE9 /* Controller */,
				C5ABE9152848EB2500C7EAE9 /* View */,
				C5584B3728525A4800BE6491 /* Assets Folder */,
				C50DE95E2847D88E00BA6F9F /* Info.plist */,
				C50DE9562847D88B00BA6F9F /* Bucket_List.xcdatamodeld */,
			);
			path = "Bucket List";
			sourceTree = "<group>";
		};
		C5584B3728525A4800BE6491 /* Assets Folder */ = {
			isa = PBXGroup;
			children = (
				C5584B3828525A5E00BE6491 /* Lottie Files */,
				C50DE9592847D88E00BA6F9F /* Assets.xcassets */,
			);
			path = "Assets Folder";
			sourceTree = "<group>";
		};
		C5584B3828525A5E00BE6491 /* Lottie Files */ = {
			isa = PBXGroup;
			children = (
				C5EBC28A2853C9AF00961E0D /* deletes.json */,
				C5EBC28E2853F85100961E0D /* destroy.json */,
				C5EBC27E2853BE8100961E0D /* Green-done.json */,
				C5EBC28C2853F6FA00961E0D /* restored2.json */,
				C5584B3A28525AAC00BE6491 /* Restore.json */,
				C5EBC2902853F9DE00961E0D /* uncheck.json */,
			);
			path = "Lottie Files";
			sourceTree = "<group>";
		};
		C5ABE90C2848DA7E00C7EAE9 /* Model */ = {
			isa = PBXGroup;
			children = (
				C5ABE9272848F70F00C7EAE9 /* Func.swift */,
				C5E0F14D284A3DCE0042DEF0 /* Alert.swift */,
				C5C4401228D8ED0A008DFF03 /* Functions.swift */,
			);
			path = Model;
			sourceTree = "<group>";
		};
		C5ABE9152848EB2500C7EAE9 /* View */ = {
			isa = PBXGroup;
			children = (
				C5C4401728D8F814008DFF03 /* authentcation */,
				C5C4401528D8F7D8008DFF03 /* Home */,
				C5C4401828D8F838008DFF03 /* Profile */,
				C5ABE91A2848F21500C7EAE9 /* Cells */,
				C5C4401628D8F7FD008DFF03 /* PopUp */,
				C5C4401428D8F7BA008DFF03 /* LaunchScreen */,
			);
			path = View;
			sourceTree = "<group>";
		};
		C5ABE9162848EB2F00C7EAE9 /* Controller */ = {
			isa = PBXGroup;
			children = (
				C50DE9512847D88B00BA6F9F /* ListViewController.swift */,
				C5ABE9182848F15500C7EAE9 /* StepsViewController.swift */,
				C5E0F151284A4EFB0042DEF0 /* AlertViewController.swift */,
				C5403D86284FDB9B004B5F45 /* RegistrationView.swift */,
				C51B3263285636130058DE06 /* imagePikerView.swift */,
			);
			path = Controller;
			sourceTree = "<group>";
		};
		C5ABE9172848EB4500C7EAE9 /* DelegateFiles */ = {
			isa = PBXGroup;
			children = (
				C50DE94D2847D88B00BA6F9F /* AppDelegate.swift */,
				C50DE94F2847D88B00BA6F9F /* SceneDelegate.swift */,
			);
			path = DelegateFiles;
			sourceTree = "<group>";
		};
		C5ABE91A2848F21500C7EAE9 /* Cells */ = {
			isa = PBXGroup;
			children = (
				C5D4B7E128490934001BEC85 /* ListCell.swift */,
				C5D4B7E228490934001BEC85 /* ListCell.xib */,
				C5D4B7E52849096F001BEC85 /* StepCell.swift */,
				C5D4B7E62849096F001BEC85 /* StepCell.xib */,
				C510E0B3284E63080032E33E /* CollectionViewCell.swift */,
				C510E0B4284E63080032E33E /* CollectionViewCell.xib */,
			);
			path = Cells;
			sourceTree = "<group>";
		};
		C5C4401428D8F7BA008DFF03 /* LaunchScreen */ = {
			isa = PBXGroup;
			children = (
				C50DE95B2847D88E00BA6F9F /* LaunchScreen.storyboard */,
			);
			path = LaunchScreen;
			sourceTree = "<group>";
		};
		C5C4401528D8F7D8008DFF03 /* Home */ = {
			isa = PBXGroup;
			children = (
				C50DE9532847D88B00BA6F9F /* Main.storyboard */,
			);
			path = Home;
			sourceTree = "<group>";
		};
		C5C4401628D8F7FD008DFF03 /* PopUp */ = {
			isa = PBXGroup;
			children = (
				C5E0F153284A51E30042DEF0 /* AlertView.storyboard */,
			);
			path = PopUp;
			sourceTree = "<group>";
		};
		C5C4401728D8F814008DFF03 /* authentcation */ = {
			isa = PBXGroup;
			children = (
				C5C4401928D8F8A7008DFF03 /* Authentcation.storyboard */,
				C5403D88284FE3E8004B5F45 /* RegistrationView.storyboard */,
			);
			path = authentcation;
			sourceTree = "<group>";
		};
		C5C4401828D8F838008DFF03 /* Profile */ = {
			isa = PBXGroup;
			children = (
				C5DD84B3284EDA2D00108C84 /* ProfileViewController.swift */,
				C5DD84B4284EDA2E00108C84 /* ProfileViewController.xib */,
			);
			path = Profile;
			sourceTree = "<group>";
		};
/* End PBXGroup section */

/* Begin PBXNativeTarget section */
		C50DE9492847D88B00BA6F9F /* Bucket List */ = {
			isa = PBXNativeTarget;
			buildConfigurationList = C50DE9612847D88E00BA6F9F /* Build configuration list for PBXNativeTarget "Bucket List" */;
			buildPhases = (
				0D2EC4651D540031B409BB8E /* [CP] Check Pods Manifest.lock */,
				C50DE9462847D88B00BA6F9F /* Sources */,
				C50DE9472847D88B00BA6F9F /* Frameworks */,
				C50DE9482847D88B00BA6F9F /* Resources */,
				59AABF981E6584441064CAD3 /* [CP] Embed Pods Frameworks */,
			);
			buildRules = (
			);
			dependencies = (
			);
			name = "Bucket List";
			productName = "Bucket List";
			productReference = C50DE94A2847D88B00BA6F9F /* Bucket List.app */;
			productType = "com.apple.product-type.application";
		};
/* End PBXNativeTarget section */

/* Begin PBXProject section */
		C50DE9422847D88B00BA6F9F /* Project object */ = {
			isa = PBXProject;
			attributes = {
				BuildIndependentTargetsInParallel = 1;
				LastSwiftUpdateCheck = 1320;
				LastUpgradeCheck = 1320;
				TargetAttributes = {
					C50DE9492847D88B00BA6F9F = {
						CreatedOnToolsVersion = 13.2.1;
					};
				};
			};
			buildConfigurationList = C50DE9452847D88B00BA6F9F /* Build configuration list for PBXProject "Bucket List" */;
			compatibilityVersion = "Xcode 13.0";
			developmentRegion = en;
			hasScannedForEncodings = 0;
			knownRegions = (
				en,
				Base,
			);
			mainGroup = C50DE9412847D88B00BA6F9F;
			productRefGroup = C50DE94B2847D88B00BA6F9F /* Products */;
			projectDirPath = "";
			projectRoot = "";
			targets = (
				C50DE9492847D88B00BA6F9F /* Bucket List */,
			);
		};
/* End PBXProject section */

/* Begin PBXResourcesBuildPhase section */
		C50DE9482847D88B00BA6F9F /* Resources */ = {
			isa = PBXResourcesBuildPhase;
			buildActionMask = 2147483647;
			files = (
				C5D4B7E82849096F001BEC85 /* StepCell.xib in Resources */,
				C5EBC28D2853F6FA00961E0D /* restored2.json in Resources */,
				C5EBC28F2853F85100961E0D /* destroy.json in Resources */,
				C5403D89284FE3E8004B5F45 /* RegistrationView.storyboard in Resources */,
				C510E0B6284E63080032E33E /* CollectionViewCell.xib in Resources */,
				C5EBC28B2853C9AF00961E0D /* deletes.json in Resources */,
				C5C4401A28D8F8A7008DFF03 /* Authentcation.storyboard in Resources */,
				C5584B3D28525AAC00BE6491 /* Restore.json in Resources */,
				C5EBC2912853F9DE00961E0D /* uncheck.json in Resources */,
				C5DD84B6284EDA2E00108C84 /* ProfileViewController.xib in Resources */,
				C5E0F154284A51E30042DEF0 /* AlertView.storyboard in Resources */,
				C50DE95D2847D88E00BA6F9F /* LaunchScreen.storyboard in Resources */,
				C5D4B7E428490934001BEC85 /* ListCell.xib in Resources */,
				C50DE95A2847D88E00BA6F9F /* Assets.xcassets in Resources */,
				C50DE9552847D88B00BA6F9F /* Main.storyboard in Resources */,
				C5EBC27F2853BE8100961E0D /* Green-done.json in Resources */,
			);
			runOnlyForDeploymentPostprocessing = 0;
		};
/* End PBXResourcesBuildPhase section */

/* Begin PBXShellScriptBuildPhase section */
		0D2EC4651D540031B409BB8E /* [CP] Check Pods Manifest.lock */ = {
			isa = PBXShellScriptBuildPhase;
			buildActionMask = 2147483647;
			files = (
			);
			inputFileListPaths = (
			);
			inputPaths = (
				"${PODS_PODFILE_DIR_PATH}/Podfile.lock",
				"${PODS_ROOT}/Manifest.lock",
			);
			name = "[CP] Check Pods Manifest.lock";
			outputFileListPaths = (
			);
			outputPaths = (
				"$(DERIVED_FILE_DIR)/Pods-Bucket List-checkManifestLockResult.txt",
			);
			runOnlyForDeploymentPostprocessing = 0;
			shellPath = /bin/sh;
			shellScript = "diff \"${PODS_PODFILE_DIR_PATH}/Podfile.lock\" \"${PODS_ROOT}/Manifest.lock\" > /dev/null\nif [ $? != 0 ] ; then\n    # print error to STDERR\n    echo \"error: The sandbox is not in sync with the Podfile.lock. Run 'pod install' or update your CocoaPods installation.\" >&2\n    exit 1\nfi\n# This output is used by Xcode 'outputs' to avoid re-running this script phase.\necho \"SUCCESS\" > \"${SCRIPT_OUTPUT_FILE_0}\"\n";
			showEnvVarsInLog = 0;
		};
		59AABF981E6584441064CAD3 /* [CP] Embed Pods Frameworks */ = {
			isa = PBXShellScriptBuildPhase;
			buildActionMask = 2147483647;
			files = (
			);
			inputFileListPaths = (
				"${PODS_ROOT}/Target Support Files/Pods-Bucket List/Pods-Bucket List-frameworks-${CONFIGURATION}-input-files.xcfilelist",
			);
			name = "[CP] Embed Pods Frameworks";
			outputFileListPaths = (
				"${PODS_ROOT}/Target Support Files/Pods-Bucket List/Pods-Bucket List-frameworks-${CONFIGURATION}-output-files.xcfilelist",
			);
			runOnlyForDeploymentPostprocessing = 0;
			shellPath = /bin/sh;
			shellScript = "\"${PODS_ROOT}/Target Support Files/Pods-Bucket List/Pods-Bucket List-frameworks.sh\"\n";
			showEnvVarsInLog = 0;
		};
/* End PBXShellScriptBuildPhase section */

/* Begin PBXSourcesBuildPhase section */
		C50DE9462847D88B00BA6F9F /* Sources */ = {
			isa = PBXSourcesBuildPhase;
			buildActionMask = 2147483647;
			files = (
				C5E0F152284A4EFB0042DEF0 /* AlertViewController.swift in Sources */,
				C5ABE9192848F15500C7EAE9 /* StepsViewController.swift in Sources */,
				C51B3264285636130058DE06 /* imagePikerView.swift in Sources */,
				C5403D87284FDB9B004B5F45 /* RegistrationView.swift in Sources */,
				C50DE9522847D88B00BA6F9F /* ListViewController.swift in Sources */,
				C510E0B5284E63080032E33E /* CollectionViewCell.swift in Sources */,
				C5DD84B5284EDA2E00108C84 /* ProfileViewController.swift in Sources */,
				C5E0F14E284A3DCE0042DEF0 /* Alert.swift in Sources */,
				C5C4401328D8ED0B008DFF03 /* Functions.swift in Sources */,
				C50DE9582847D88B00BA6F9F /* Bucket_List.xcdatamodeld in Sources */,
				C5D4B7E328490934001BEC85 /* ListCell.swift in Sources */,
				C50DE94E2847D88B00BA6F9F /* AppDelegate.swift in Sources */,
				C5ABE9282848F70F00C7EAE9 /* Func.swift in Sources */,
				C5D4B7E72849096F001BEC85 /* StepCell.swift in Sources */,
				C50DE9502847D88B00BA6F9F /* SceneDelegate.swift in Sources */,
			);
			runOnlyForDeploymentPostprocessing = 0;
		};
/* End PBXSourcesBuildPhase section */

/* Begin PBXVariantGroup section */
		C50DE9532847D88B00BA6F9F /* Main.storyboard */ = {
			isa = PBXVariantGroup;
			children = (
				C50DE9542847D88B00BA6F9F /* Base */,
			);
			name = Main.storyboard;
			sourceTree = "<group>";
		};
		C50DE95B2847D88E00BA6F9F /* LaunchScreen.storyboard */ = {
			isa = PBXVariantGroup;
			children = (
				C50DE95C2847D88E00BA6F9F /* Base */,
			);
			name = LaunchScreen.storyboard;
			sourceTree = "<group>";
		};
/* End PBXVariantGroup section */

/* Begin XCBuildConfiguration section */
		C50DE95F2847D88E00BA6F9F /* Debug */ = {
			isa = XCBuildConfiguration;
			buildSettings = {
				ALWAYS_SEARCH_USER_PATHS = NO;
				CLANG_ANALYZER_NONNULL = YES;
				CLANG_ANALYZER_NUMBER_OBJECT_CONVERSION = YES_AGGRESSIVE;
				CLANG_CXX_LANGUAGE_STANDARD = "gnu++17";
				CLANG_CXX_LIBRARY = "libc++";
				CLANG_ENABLE_MODULES = YES;
				CLANG_ENABLE_OBJC_ARC = YES;
				CLANG_ENABLE_OBJC_WEAK = YES;
				CLANG_WARN_BLOCK_CAPTURE_AUTORELEASING = YES;
				CLANG_WARN_BOOL_CONVERSION = YES;
				CLANG_WARN_COMMA = YES;
				CLANG_WARN_CONSTANT_CONVERSION = YES;
				CLANG_WARN_DEPRECATED_OBJC_IMPLEMENTATIONS = YES;
				CLANG_WARN_DIRECT_OBJC_ISA_USAGE = YES_ERROR;
				CLANG_WARN_DOCUMENTATION_COMMENTS = YES;
				CLANG_WARN_EMPTY_BODY = YES;
				CLANG_WARN_ENUM_CONVERSION = YES;
				CLANG_WARN_INFINITE_RECURSION = YES;
				CLANG_WARN_INT_CONVERSION = YES;
				CLANG_WARN_NON_LITERAL_NULL_CONVERSION = YES;
				CLANG_WARN_OBJC_IMPLICIT_RETAIN_SELF = YES;
				CLANG_WARN_OBJC_LITERAL_CONVERSION = YES;
				CLANG_WARN_OBJC_ROOT_CLASS = YES_ERROR;
				CLANG_WARN_QUOTED_INCLUDE_IN_FRAMEWORK_HEADER = YES;
				CLANG_WARN_RANGE_LOOP_ANALYSIS = YES;
				CLANG_WARN_STRICT_PROTOTYPES = YES;
				CLANG_WARN_SUSPICIOUS_MOVE = YES;
				CLANG_WARN_UNGUARDED_AVAILABILITY = YES_AGGRESSIVE;
				CLANG_WARN_UNREACHABLE_CODE = YES;
				CLANG_WARN__DUPLICATE_METHOD_MATCH = YES;
				COPY_PHASE_STRIP = NO;
				DEBUG_INFORMATION_FORMAT = dwarf;
				ENABLE_STRICT_OBJC_MSGSEND = YES;
				ENABLE_TESTABILITY = YES;
				GCC_C_LANGUAGE_STANDARD = gnu11;
				GCC_DYNAMIC_NO_PIC = NO;
				GCC_NO_COMMON_BLOCKS = YES;
				GCC_OPTIMIZATION_LEVEL = 0;
				GCC_PREPROCESSOR_DEFINITIONS = (
					"DEBUG=1",
					"$(inherited)",
				);
				GCC_WARN_64_TO_32_BIT_CONVERSION = YES;
				GCC_WARN_ABOUT_RETURN_TYPE = YES_ERROR;
				GCC_WARN_UNDECLARED_SELECTOR = YES;
				GCC_WARN_UNINITIALIZED_AUTOS = YES_AGGRESSIVE;
				GCC_WARN_UNUSED_FUNCTION = YES;
				GCC_WARN_UNUSED_VARIABLE = YES;
				IPHONEOS_DEPLOYMENT_TARGET = 15.2;
				MTL_ENABLE_DEBUG_INFO = INCLUDE_SOURCE;
				MTL_FAST_MATH = YES;
				ONLY_ACTIVE_ARCH = YES;
				SDKROOT = iphoneos;
				SWIFT_ACTIVE_COMPILATION_CONDITIONS = DEBUG;
				SWIFT_OPTIMIZATION_LEVEL = "-Onone";
			};
			name = Debug;
		};
		C50DE9602847D88E00BA6F9F /* Release */ = {
			isa = XCBuildConfiguration;
			buildSettings = {
				ALWAYS_SEARCH_USER_PATHS = NO;
				CLANG_ANALYZER_NONNULL = YES;
				CLANG_ANALYZER_NUMBER_OBJECT_CONVERSION = YES_AGGRESSIVE;
				CLANG_CXX_LANGUAGE_STANDARD = "gnu++17";
				CLANG_CXX_LIBRARY = "libc++";
				CLANG_ENABLE_MODULES = YES;
				CLANG_ENABLE_OBJC_ARC = YES;
				CLANG_ENABLE_OBJC_WEAK = YES;
				CLANG_WARN_BLOCK_CAPTURE_AUTORELEASING = YES;
				CLANG_WARN_BOOL_CONVERSION = YES;
				CLANG_WARN_COMMA = YES;
				CLANG_WARN_CONSTANT_CONVERSION = YES;
				CLANG_WARN_DEPRECATED_OBJC_IMPLEMENTATIONS = YES;
				CLANG_WARN_DIRECT_OBJC_ISA_USAGE = YES_ERROR;
				CLANG_WARN_DOCUMENTATION_COMMENTS = YES;
				CLANG_WARN_EMPTY_BODY = YES;
				CLANG_WARN_ENUM_CONVERSION = YES;
				CLANG_WARN_INFINITE_RECURSION = YES;
				CLANG_WARN_INT_CONVERSION = YES;
				CLANG_WARN_NON_LITERAL_NULL_CONVERSION = YES;
				CLANG_WARN_OBJC_IMPLICIT_RETAIN_SELF = YES;
				CLANG_WARN_OBJC_LITERAL_CONVERSION = YES;
				CLANG_WARN_OBJC_ROOT_CLASS = YES_ERROR;
				CLANG_WARN_QUOTED_INCLUDE_IN_FRAMEWORK_HEADER = YES;
				CLANG_WARN_RANGE_LOOP_ANALYSIS = YES;
				CLANG_WARN_STRICT_PROTOTYPES = YES;
				CLANG_WARN_SUSPICIOUS_MOVE = YES;
				CLANG_WARN_UNGUARDED_AVAILABILITY = YES_AGGRESSIVE;
				CLANG_WARN_UNREACHABLE_CODE = YES;
				CLANG_WARN__DUPLICATE_METHOD_MATCH = YES;
				COPY_PHASE_STRIP = NO;
				DEBUG_INFORMATION_FORMAT = "dwarf-with-dsym";
				ENABLE_NS_ASSERTIONS = NO;
				ENABLE_STRICT_OBJC_MSGSEND = YES;
				GCC_C_LANGUAGE_STANDARD = gnu11;
				GCC_NO_COMMON_BLOCKS = YES;
				GCC_WARN_64_TO_32_BIT_CONVERSION = YES;
				GCC_WARN_ABOUT_RETURN_TYPE = YES_ERROR;
				GCC_WARN_UNDECLARED_SELECTOR = YES;
				GCC_WARN_UNINITIALIZED_AUTOS = YES_AGGRESSIVE;
				GCC_WARN_UNUSED_FUNCTION = YES;
				GCC_WARN_UNUSED_VARIABLE = YES;
				IPHONEOS_DEPLOYMENT_TARGET = 15.2;
				MTL_ENABLE_DEBUG_INFO = NO;
				MTL_FAST_MATH = YES;
				SDKROOT = iphoneos;
				SWIFT_COMPILATION_MODE = wholemodule;
				SWIFT_OPTIMIZATION_LEVEL = "-O";
				VALIDATE_PRODUCT = YES;
			};
			name = Release;
		};
		C50DE9622847D88E00BA6F9F /* Debug */ = {
			isa = XCBuildConfiguration;
			baseConfigurationReference = 1F2F2B362369EA848865A41F /* Pods-Bucket List.debug.xcconfig */;
			buildSettings = {
				ASSETCATALOG_COMPILER_APPICON_NAME = AppIcon;
				ASSETCATALOG_COMPILER_GLOBAL_ACCENT_COLOR_NAME = AccentColor;
				CODE_SIGN_IDENTITY = "Apple Development";
				CODE_SIGN_STYLE = Automatic;
				CURRENT_PROJECT_VERSION = 1;
				DEVELOPMENT_TEAM = A4XHRYF32U;
				GENERATE_INFOPLIST_FILE = YES;
				INFOPLIST_FILE = "Bucket List/Info.plist";
				INFOPLIST_KEY_UIApplicationSupportsIndirectInputEvents = YES;
				INFOPLIST_KEY_UILaunchStoryboardName = LaunchScreen;
				INFOPLIST_KEY_UIMainStoryboardFile = Main;
				INFOPLIST_KEY_UISupportedInterfaceOrientations = UIInterfaceOrientationPortrait;
				INFOPLIST_KEY_UISupportedInterfaceOrientations_iPad = "UIInterfaceOrientationPortrait UIInterfaceOrientationPortraitUpsideDown UIInterfaceOrientationLandscapeLeft UIInterfaceOrientationLandscapeRight";
				INFOPLIST_KEY_UISupportedInterfaceOrientations_iPhone = "UIInterfaceOrientationPortrait UIInterfaceOrientationLandscapeLeft UIInterfaceOrientationLandscapeRight";
				IPHONEOS_DEPLOYMENT_TARGET = 15.2;
				LD_RUNPATH_SEARCH_PATHS = (
					"$(inherited)",
					"@executable_path/Frameworks",
				);
				MARKETING_VERSION = 1.0;
				PRODUCT_BUNDLE_IDENTIFIER = "Freelancer.Bucket-List";
				PRODUCT_NAME = "$(TARGET_NAME)";
				PROVISIONING_PROFILE_SPECIFIER = "";
				SWIFT_EMIT_LOC_STRINGS = YES;
				SWIFT_VERSION = 5.0;
				TARGETED_DEVICE_FAMILY = "1,2";
			};
			name = Debug;
		};
		C50DE9632847D88E00BA6F9F /* Release */ = {
			isa = XCBuildConfiguration;
			baseConfigurationReference = C3E6A00C06E647F38096832C /* Pods-Bucket List.release.xcconfig */;
			buildSettings = {
				ASSETCATALOG_COMPILER_APPICON_NAME = AppIcon;
				ASSETCATALOG_COMPILER_GLOBAL_ACCENT_COLOR_NAME = AccentColor;
				CODE_SIGN_IDENTITY = "Apple Development";
				CODE_SIGN_STYLE = Automatic;
				CURRENT_PROJECT_VERSION = 1;
				DEVELOPMENT_TEAM = A4XHRYF32U;
				GENERATE_INFOPLIST_FILE = YES;
				INFOPLIST_FILE = "Bucket List/Info.plist";
				INFOPLIST_KEY_UIApplicationSupportsIndirectInputEvents = YES;
				INFOPLIST_KEY_UILaunchStoryboardName = LaunchScreen;
				INFOPLIST_KEY_UIMainStoryboardFile = Main;
				INFOPLIST_KEY_UISupportedInterfaceOrientations = UIInterfaceOrientationPortrait;
				INFOPLIST_KEY_UISupportedInterfaceOrientations_iPad = "UIInterfaceOrientationPortrait UIInterfaceOrientationPortraitUpsideDown UIInterfaceOrientationLandscapeLeft UIInterfaceOrientationLandscapeRight";
				INFOPLIST_KEY_UISupportedInterfaceOrientations_iPhone = "UIInterfaceOrientationPortrait UIInterfaceOrientationLandscapeLeft UIInterfaceOrientationLandscapeRight";
				IPHONEOS_DEPLOYMENT_TARGET = 15.2;
				LD_RUNPATH_SEARCH_PATHS = (
					"$(inherited)",
					"@executable_path/Frameworks",
				);
				MARKETING_VERSION = 1.0;
				PRODUCT_BUNDLE_IDENTIFIER = "Freelancer.Bucket-List";
				PRODUCT_NAME = "$(TARGET_NAME)";
				PROVISIONING_PROFILE_SPECIFIER = "";
				SWIFT_EMIT_LOC_STRINGS = YES;
				SWIFT_VERSION = 5.0;
				TARGETED_DEVICE_FAMILY = "1,2";
			};
			name = Release;
		};
/* End XCBuildConfiguration section */

/* Begin XCConfigurationList section */
		C50DE9452847D88B00BA6F9F /* Build configuration list for PBXProject "Bucket List" */ = {
			isa = XCConfigurationList;
			buildConfigurations = (
				C50DE95F2847D88E00BA6F9F /* Debug */,
				C50DE9602847D88E00BA6F9F /* Release */,
			);
			defaultConfigurationIsVisible = 0;
			defaultConfigurationName = Release;
		};
		C50DE9612847D88E00BA6F9F /* Build configuration list for PBXNativeTarget "Bucket List" */ = {
			isa = XCConfigurationList;
			buildConfigurations = (
				C50DE9622847D88E00BA6F9F /* Debug */,
				C50DE9632847D88E00BA6F9F /* Release */,
			);
			defaultConfigurationIsVisible = 0;
			defaultConfigurationName = Release;
		};
/* End XCConfigurationList section */

/* Begin XCVersionGroup section */
		C50DE9562847D88B00BA6F9F /* Bucket_List.xcdatamodeld */ = {
			isa = XCVersionGroup;
			children = (
				C50DE9572847D88B00BA6F9F /* Bucket_List.xcdatamodel */,
			);
			currentVersion = C50DE9572847D88B00BA6F9F /* Bucket_List.xcdatamodel */;
			path = Bucket_List.xcdatamodeld;
			sourceTree = "<group>";
			versionGroupType = wrapper.xcdatamodel;
		};
/* End XCVersionGroup section */
	};
	rootObject = C50DE9422847D88B00BA6F9F /* Project object */;
}
